
Microsoft Visual Studio Solution File, Format Version 12.00
# Visual Studio Version 17
VisualStudioVersion = 17.9.34607.119
MinimumVisualStudioVersion = 10.0.40219.1
Project("{9A19103F-16F7-4668-BE54-9A1E7A4F7556}") = "Cards.Web", "Cards.Web\Cards.Web.csproj", "{600D03FB-112D-40AE-ABE9-D821E7FC741D}"
EndProject
Project("{9A19103F-16F7-4668-BE54-9A1E7A4F7556}") = "Cards.Domain", "Cards.Domain\Cards.Domain.csproj", "{E12F0203-FC64-42CB-A25F-353CFACD8006}"
EndProject
Project("{9A19103F-16F7-4668-BE54-9A1E7A4F7556}") = "Cards.Persistence", "Cards.Persistence\Cards.Persistence.csproj", "{B8DCE5EE-1913-4C1C-9BFD-D4FBFF74EFC6}"
EndProject
Project("{9A19103F-16F7-4668-BE54-9A1E7A4F7556}") = "Cards.Services", "Cards.Services\Cards.Services.csproj", "{D032DFB2-A310-4746-80BE-E84617F0EF3D}"
EndProject
Project("{9A19103F-16F7-4668-BE54-9A1E7A4F7556}") = "Cards.Presentation", "Cards.Presentation\Cards.Presentation.csproj", "{24E2F17E-B7D8-42D3-9025-11EC315D0363}"
EndProject
Project("{2150E333-8FDC-42A3-9474-1A3956D46DE8}") = "Web API", "Web API", "{1CF977C1-6B7C-46FF-92B0-C182CE1BD1DF}"
EndProject
Project("{2150E333-8FDC-42A3-9474-1A3956D46DE8}") = "UI", "UI", "{B32A58C9-8AD1-4E00-903E-6D646DAB3468}"
EndProject
Project("{9A19103F-16F7-4668-BE54-9A1E7A4F7556}") = "Cards.Frontend", "Cards.Frontend\Cards.Frontend.csproj", "{30BDFB3E-B4B0-429A-B2CA-2DE7C21747EA}"
EndProject
Global
	GlobalSection(SolutionConfigurationPlatforms) = preSolution
		Debug|Any CPU = Debug|Any CPU
		Release|Any CPU = Release|Any CPU
	EndGlobalSection
	GlobalSection(ProjectConfigurationPlatforms) = postSolution
		{600D03FB-112D-40AE-ABE9-D821E7FC741D}.Debug|Any CPU.ActiveCfg = Debug|Any CPU
		{600D03FB-112D-40AE-ABE9-D821E7FC741D}.Debug|Any CPU.Build.0 = Debug|Any CPU
		{600D03FB-112D-40AE-ABE9-D821E7FC741D}.Release|Any CPU.ActiveCfg = Release|Any CPU
		{600D03FB-112D-40AE-ABE9-D821E7FC741D}.Release|Any CPU.Build.0 = Release|Any CPU
		{E12F0203-FC64-42CB-A25F-353CFACD8006}.Debug|Any CPU.ActiveCfg = Debug|Any CPU
		{E12F0203-FC64-42CB-A25F-353CFACD8006}.Debug|Any CPU.Build.0 = Debug|Any CPU
		{E12F0203-FC64-42CB-A25F-353CFACD8006}.Release|Any CPU.ActiveCfg = Release|Any CPU
		{E12F0203-FC64-42CB-A25F-353CFACD8006}.Release|Any CPU.Build.0 = Release|Any CPU
		{B8DCE5EE-1913-4C1C-9BFD-D4FBFF74EFC6}.Debug|Any CPU.ActiveCfg = Debug|Any CPU
		{B8DCE5EE-1913-4C1C-9BFD-D4FBFF74EFC6}.Debug|Any CPU.Build.0 = Debug|Any CPU
		{B8DCE5EE-1913-4C1C-9BFD-D4FBFF74EFC6}.Release|Any CPU.ActiveCfg = Release|Any CPU
		{B8DCE5EE-1913-4C1C-9BFD-D4FBFF74EFC6}.Release|Any CPU.Build.0 = Release|Any CPU
		{D032DFB2-A310-4746-80BE-E84617F0EF3D}.Debug|Any CPU.ActiveCfg = Debug|Any CPU
		{D032DFB2-A310-4746-80BE-E84617F0EF3D}.Debug|Any CPU.Build.0 = Debug|Any CPU
		{D032DFB2-A310-4746-80BE-E84617F0EF3D}.Release|Any CPU.ActiveCfg = Release|Any CPU
		{D032DFB2-A310-4746-80BE-E84617F0EF3D}.Release|Any CPU.Build.0 = Release|Any CPU
		{24E2F17E-B7D8-42D3-9025-11EC315D0363}.Debug|Any CPU.ActiveCfg = Debug|Any CPU
		{24E2F17E-B7D8-42D3-9025-11EC315D0363}.Debug|Any CPU.Build.0 = Debug|Any CPU
		{24E2F17E-B7D8-42D3-9025-11EC315D0363}.Release|Any CPU.ActiveCfg = Release|Any CPU
		{24E2F17E-B7D8-42D3-9025-11EC315D0363}.Release|Any CPU.Build.0 = Release|Any CPU
		{30BDFB3E-B4B0-429A-B2CA-2DE7C21747EA}.Debug|Any CPU.ActiveCfg = Debug|Any CPU
		{30BDFB3E-B4B0-429A-B2CA-2DE7C21747EA}.Debug|Any CPU.Build.0 = Debug|Any CPU
		{30BDFB3E-B4B0-429A-B2CA-2DE7C21747EA}.Release|Any CPU.ActiveCfg = Release|Any CPU
		{30BDFB3E-B4B0-429A-B2CA-2DE7C21747EA}.Release|Any CPU.Build.0 = Release|Any CPU
	EndGlobalSection
	GlobalSection(SolutionProperties) = preSolution
		HideSolutionNode = FALSE
	EndGlobalSection
	GlobalSection(NestedProjects) = preSolution
		{600D03FB-112D-40AE-ABE9-D821E7FC741D} = {1CF977C1-6B7C-46FF-92B0-C182CE1BD1DF}
		{E12F0203-FC64-42CB-A25F-353CFACD8006} = {1CF977C1-6B7C-46FF-92B0-C182CE1BD1DF}
		{B8DCE5EE-1913-4C1C-9BFD-D4FBFF74EFC6} = {1CF977C1-6B7C-46FF-92B0-C182CE1BD1DF}
		{D032DFB2-A310-4746-80BE-E84617F0EF3D} = {1CF977C1-6B7C-46FF-92B0-C182CE1BD1DF}
		{24E2F17E-B7D8-42D3-9025-11EC315D0363} = {1CF977C1-6B7C-46FF-92B0-C182CE1BD1DF}
		{30BDFB3E-B4B0-429A-B2CA-2DE7C21747EA} = {B32A58C9-8AD1-4E00-903E-6D646DAB3468}
	EndGlobalSection
	GlobalSection(ExtensibilityGlobals) = postSolution
		SolutionGuid = {EB2842D6-2257-4166-A31C-AB1BEE511DE2}
	EndGlobalSection
EndGlobal
